// !$*UTF8*$!
{
	archiveVersion = 1;
	classes = {
	};
	objectVersion = 50;
	objects = {

/* Begin PBXBuildFile section */
		D8B610B625CCFFDB00FCAE82 /* Extensions.swift in Sources */ = {isa = PBXBuildFile; fileRef = D8B610B525CCFFDB00FCAE82 /* Extensions.swift */; };
		D8F2982325CDADF700FCB3F0 /* ActivityBookView.swift in Sources */ = {isa = PBXBuildFile; fileRef = D8F2982225CDADF700FCB3F0 /* ActivityBookView.swift */; };
		F111E43E2592365F0022F983 /* Activity.swift in Sources */ = {isa = PBXBuildFile; fileRef = F111E43D2592365F0022F983 /* Activity.swift */; };
		F111E441259236820022F983 /* Data.swift in Sources */ = {isa = PBXBuildFile; fileRef = F111E440259236820022F983 /* Data.swift */; };
		F111E444259236DA0022F983 /* PlaceFinder.swift in Sources */ = {isa = PBXBuildFile; fileRef = F111E443259236DA0022F983 /* PlaceFinder.swift */; };
		F111E447259237140022F983 /* ActivityView.swift in Sources */ = {isa = PBXBuildFile; fileRef = F111E446259237140022F983 /* ActivityView.swift */; };
		F111E44A2592374D0022F983 /* InfoItemView.swift in Sources */ = {isa = PBXBuildFile; fileRef = F111E4492592374D0022F983 /* InfoItemView.swift */; };
		F111E44D259237670022F983 /* TopNavigationView.swift in Sources */ = {isa = PBXBuildFile; fileRef = F111E44C259237670022F983 /* TopNavigationView.swift */; };
		F111E4502592381E0022F983 /* MapMarker.swift in Sources */ = {isa = PBXBuildFile; fileRef = F111E44F2592381E0022F983 /* MapMarker.swift */; };
		F111E453259238390022F983 /* PlaceBottomSliderView.swift in Sources */ = {isa = PBXBuildFile; fileRef = F111E452259238390022F983 /* PlaceBottomSliderView.swift */; };
		F111E4562592385A0022F983 /* PlaceCardView.swift in Sources */ = {isa = PBXBuildFile; fileRef = F111E4552592385A0022F983 /* PlaceCardView.swift */; };
		F157A63F253253AC00320E46 /* AppDelegate.swift in Sources */ = {isa = PBXBuildFile; fileRef = F157A63E253253AC00320E46 /* AppDelegate.swift */; };
		F157A641253253AC00320E46 /* SceneDelegate.swift in Sources */ = {isa = PBXBuildFile; fileRef = F157A640253253AC00320E46 /* SceneDelegate.swift */; };
		F157A645253253AE00320E46 /* Assets.xcassets in Resources */ = {isa = PBXBuildFile; fileRef = F157A644253253AE00320E46 /* Assets.xcassets */; };
		F157A648253253AE00320E46 /* Preview Assets.xcassets in Resources */ = {isa = PBXBuildFile; fileRef = F157A647253253AE00320E46 /* Preview Assets.xcassets */; };
		F157A64B253253AE00320E46 /* LaunchScreen.storyboard in Resources */ = {isa = PBXBuildFile; fileRef = F157A649253253AE00320E46 /* LaunchScreen.storyboard */; };
		F157A6562532540800320E46 /* TravelItem.swift in Sources */ = {isa = PBXBuildFile; fileRef = F157A6552532540800320E46 /* TravelItem.swift */; };
		F157A6582532544F00320E46 /* HomeVC.swift in Sources */ = {isa = PBXBuildFile; fileRef = F157A6572532544F00320E46 /* HomeVC.swift */; };
		F157A65C2532556F00320E46 /* DetailTravelView.swift in Sources */ = {isa = PBXBuildFile; fileRef = F157A65B2532556F00320E46 /* DetailTravelView.swift */; };
		F1E3835D2560A6C6003EA55F /* AccountView.swift in Sources */ = {isa = PBXBuildFile; fileRef = F1E3835C2560A6C6003EA55F /* AccountView.swift */; };
		F1E383602560A6F5003EA55F /* LikedView.swift in Sources */ = {isa = PBXBuildFile; fileRef = F1E3835F2560A6F5003EA55F /* LikedView.swift */; };
/* End PBXBuildFile section */

/* Begin PBXFileReference section */
		D8B610B525CCFFDB00FCAE82 /* Extensions.swift */ = {isa = PBXFileReference; lastKnownFileType = sourcecode.swift; path = Extensions.swift; sourceTree = "<group>"; };
		D8F2982225CDADF700FCB3F0 /* ActivityBookView.swift */ = {isa = PBXFileReference; lastKnownFileType = sourcecode.swift; path = ActivityBookView.swift; sourceTree = "<group>"; };
		F111E43D2592365F0022F983 /* Activity.swift */ = {isa = PBXFileReference; lastKnownFileType = sourcecode.swift; path = Activity.swift; sourceTree = "<group>"; };
		F111E440259236820022F983 /* Data.swift */ = {isa = PBXFileReference; lastKnownFileType = sourcecode.swift; path = Data.swift; sourceTree = "<group>"; };
		F111E443259236DA0022F983 /* PlaceFinder.swift */ = {isa = PBXFileReference; lastKnownFileType = sourcecode.swift; path = PlaceFinder.swift; sourceTree = "<group>"; };
		F111E446259237140022F983 /* ActivityView.swift */ = {isa = PBXFileReference; lastKnownFileType = sourcecode.swift; path = ActivityView.swift; sourceTree = "<group>"; };
		F111E4492592374D0022F983 /* InfoItemView.swift */ = {isa = PBXFileReference; lastKnownFileType = sourcecode.swift; path = InfoItemView.swift; sourceTree = "<group>"; };
		F111E44C259237670022F983 /* TopNavigationView.swift */ = {isa = PBXFileReference; lastKnownFileType = sourcecode.swift; path = TopNavigationView.swift; sourceTree = "<group>"; };
		F111E44F2592381E0022F983 /* MapMarker.swift */ = {isa = PBXFileReference; lastKnownFileType = sourcecode.swift; path = MapMarker.swift; sourceTree = "<group>"; };
		F111E452259238390022F983 /* PlaceBottomSliderView.swift */ = {isa = PBXFileReference; lastKnownFileType = sourcecode.swift; path = PlaceBottomSliderView.swift; sourceTree = "<group>"; };
		F111E4552592385A0022F983 /* PlaceCardView.swift */ = {isa = PBXFileReference; lastKnownFileType = sourcecode.swift; path = PlaceCardView.swift; sourceTree = "<group>"; };
		F157A63B253253AC00320E46 /* tourist-sui.app */ = {isa = PBXFileReference; explicitFileType = wrapper.application; includeInIndex = 0; path = "tourist-sui.app"; sourceTree = BUILT_PRODUCTS_DIR; };
		F157A63E253253AC00320E46 /* AppDelegate.swift */ = {isa = PBXFileReference; lastKnownFileType = sourcecode.swift; path = AppDelegate.swift; sourceTree = "<group>"; };
		F157A640253253AC00320E46 /* SceneDelegate.swift */ = {isa = PBXFileReference; lastKnownFileType = sourcecode.swift; path = SceneDelegate.swift; sourceTree = "<group>"; };
		F157A644253253AE00320E46 /* Assets.xcassets */ = {isa = PBXFileReference; lastKnownFileType = folder.assetcatalog; path = Assets.xcassets; sourceTree = "<group>"; };
		F157A647253253AE00320E46 /* Preview Assets.xcassets */ = {isa = PBXFileReference; lastKnownFileType = folder.assetcatalog; path = "Preview Assets.xcassets"; sourceTree = "<group>"; };
		F157A64A253253AE00320E46 /* Base */ = {isa = PBXFileReference; lastKnownFileType = file.storyboard; name = Base; path = Base.lproj/LaunchScreen.storyboard; sourceTree = "<group>"; };
		F157A64C253253AE00320E46 /* Info.plist */ = {isa = PBXFileReference; lastKnownFileType = text.plist.xml; path = Info.plist; sourceTree = "<group>"; };
		F157A6552532540800320E46 /* TravelItem.swift */ = {isa = PBXFileReference; lastKnownFileType = sourcecode.swift; path = TravelItem.swift; sourceTree = "<group>"; };
		F157A6572532544F00320E46 /* HomeVC.swift */ = {isa = PBXFileReference; lastKnownFileType = sourcecode.swift; path = HomeVC.swift; sourceTree = "<group>"; };
		F157A65B2532556F00320E46 /* DetailTravelView.swift */ = {isa = PBXFileReference; lastKnownFileType = sourcecode.swift; path = DetailTravelView.swift; sourceTree = "<group>"; };
		F1E3835C2560A6C6003EA55F /* AccountView.swift */ = {isa = PBXFileReference; lastKnownFileType = sourcecode.swift; path = AccountView.swift; sourceTree = "<group>"; };
		F1E3835F2560A6F5003EA55F /* LikedView.swift */ = {isa = PBXFileReference; lastKnownFileType = sourcecode.swift; path = LikedView.swift; sourceTree = "<group>"; };
/* End PBXFileReference section */

/* Begin PBXFrameworksBuildPhase section */
		F157A638253253AC00320E46 /* Frameworks */ = {
			isa = PBXFrameworksBuildPhase;
			buildActionMask = 2147483647;
			files = (
			);
			runOnlyForDeploymentPostprocessing = 0;
		};
/* End PBXFrameworksBuildPhase section */

/* Begin PBXGroup section */
		F111E46025923D0F0022F983 /* Place */ = {
			isa = PBXGroup;
			children = (
				F111E4552592385A0022F983 /* PlaceCardView.swift */,
				F111E452259238390022F983 /* PlaceBottomSliderView.swift */,
			);
			path = Place;
			sourceTree = "<group>";
		};
		F157A632253253AC00320E46 = {
			isa = PBXGroup;
			children = (
				F157A63D253253AC00320E46 /* tourist-sui */,
				F157A63C253253AC00320E46 /* Products */,
			);
			sourceTree = "<group>";
		};
		F157A63C253253AC00320E46 /* Products */ = {
			isa = PBXGroup;
			children = (
				F157A63B253253AC00320E46 /* tourist-sui.app */,
			);
			name = Products;
			sourceTree = "<group>";
		};
		F157A63D253253AC00320E46 /* tourist-sui */ = {
			isa = PBXGroup;
			children = (
				F157A652253253E400320E46 /* Model */,
				F157A654253253F400320E46 /* View */,
				F157A653253253E800320E46 /* Controller */,
				F157A63E253253AC00320E46 /* AppDelegate.swift */,
				F157A640253253AC00320E46 /* SceneDelegate.swift */,
				F157A644253253AE00320E46 /* Assets.xcassets */,
				F157A649253253AE00320E46 /* LaunchScreen.storyboard */,
				F157A64C253253AE00320E46 /* Info.plist */,
				F157A646253253AE00320E46 /* Preview Content */,
			);
			path = "tourist-sui";
			sourceTree = "<group>";
		};
		F157A646253253AE00320E46 /* Preview Content */ = {
			isa = PBXGroup;
			children = (
				F157A647253253AE00320E46 /* Preview Assets.xcassets */,
			);
			path = "Preview Content";
			sourceTree = "<group>";
		};
		F157A652253253E400320E46 /* Model */ = {
			isa = PBXGroup;
			children = (
				F157A6552532540800320E46 /* TravelItem.swift */,
				F111E43D2592365F0022F983 /* Activity.swift */,
				F111E440259236820022F983 /* Data.swift */,
				F111E443259236DA0022F983 /* PlaceFinder.swift */,
				D8B610B525CCFFDB00FCAE82 /* Extensions.swift */,
			);
			path = Model;
			sourceTree = "<group>";
		};
		F157A653253253E800320E46 /* Controller */ = {
			isa = PBXGroup;
			children = (
				F157A6572532544F00320E46 /* HomeVC.swift */,
			);
			path = Controller;
			sourceTree = "<group>";
		};
		F157A654253253F400320E46 /* View */ = {
			isa = PBXGroup;
			children = (
				F111E46025923D0F0022F983 /* Place */,
				F157A65B2532556F00320E46 /* DetailTravelView.swift */,
				F1E3835C2560A6C6003EA55F /* AccountView.swift */,
				F1E3835F2560A6F5003EA55F /* LikedView.swift */,
				F111E446259237140022F983 /* ActivityView.swift */,
				D8F2982225CDADF700FCB3F0 /* ActivityBookView.swift */,
				F111E4492592374D0022F983 /* InfoItemView.swift */,
				F111E44C259237670022F983 /* TopNavigationView.swift */,
				F111E44F2592381E0022F983 /* MapMarker.swift */,
			);
			path = View;
			sourceTree = "<group>";
		};
/* End PBXGroup section */

/* Begin PBXNativeTarget section */
		F157A63A253253AC00320E46 /* tourist-sui */ = {
			isa = PBXNativeTarget;
			buildConfigurationList = F157A64F253253AE00320E46 /* Build configuration list for PBXNativeTarget "tourist-sui" */;
			buildPhases = (
				F157A637253253AC00320E46 /* Sources */,
				F157A638253253AC00320E46 /* Frameworks */,
				F157A639253253AC00320E46 /* Resources */,
			);
			buildRules = (
			);
			dependencies = (
			);
			name = "tourist-sui";
			productName = "tourist-sui";
			productReference = F157A63B253253AC00320E46 /* tourist-sui.app */;
			productType = "com.apple.product-type.application";
		};
/* End PBXNativeTarget section */

/* Begin PBXProject section */
		F157A633253253AC00320E46 /* Project object */ = {
			isa = PBXProject;
			attributes = {
				LastSwiftUpdateCheck = 1120;
				LastUpgradeCheck = 1210;
				ORGANIZATIONNAME = "Carey McGhee";
				TargetAttributes = {
					F157A63A253253AC00320E46 = {
						CreatedOnToolsVersion = 11.2.1;
					};
				};
			};
			buildConfigurationList = F157A636253253AC00320E46 /* Build configuration list for PBXProject "tourist-sui" */;
			compatibilityVersion = "Xcode 9.3";
			developmentRegion = en;
			hasScannedForEncodings = 0;
			knownRegions = (
				en,
				Base,
			);
			mainGroup = F157A632253253AC00320E46;
			productRefGroup = F157A63C253253AC00320E46 /* Products */;
			projectDirPath = "";
			projectRoot = "";
			targets = (
				F157A63A253253AC00320E46 /* tourist-sui */,
			);
		};
/* End PBXProject section */

/* Begin PBXResourcesBuildPhase section */
		F157A639253253AC00320E46 /* Resources */ = {
			isa = PBXResourcesBuildPhase;
			buildActionMask = 2147483647;
			files = (
				F157A64B253253AE00320E46 /* LaunchScreen.storyboard in Resources */,
				F157A648253253AE00320E46 /* Preview Assets.xcassets in Resources */,
				F157A645253253AE00320E46 /* Assets.xcassets in Resources */,
			);
			runOnlyForDeploymentPostprocessing = 0;
		};
/* End PBXResourcesBuildPhase section */

/* Begin PBXSourcesBuildPhase section */
		F157A637253253AC00320E46 /* Sources */ = {
			isa = PBXSourcesBuildPhase;
			buildActionMask = 2147483647;
			files = (
				F157A6562532540800320E46 /* TravelItem.swift in Sources */,
				D8B610B625CCFFDB00FCAE82 /* Extensions.swift in Sources */,
				F157A6582532544F00320E46 /* HomeVC.swift in Sources */,
				F111E44A2592374D0022F983 /* InfoItemView.swift in Sources */,
				F111E444259236DA0022F983 /* PlaceFinder.swift in Sources */,
				F111E44D259237670022F983 /* TopNavigationView.swift in Sources */,
				F157A65C2532556F00320E46 /* DetailTravelView.swift in Sources */,
				F111E43E2592365F0022F983 /* Activity.swift in Sources */,
				D8F2982325CDADF700FCB3F0 /* ActivityBookView.swift in Sources */,
				F111E447259237140022F983 /* ActivityView.swift in Sources */,
				F1E3835D2560A6C6003EA55F /* AccountView.swift in Sources */,
				F111E441259236820022F983 /* Data.swift in Sources */,
				F157A63F253253AC00320E46 /* AppDelegate.swift in Sources */,
				F111E4502592381E0022F983 /* MapMarker.swift in Sources */,
				F1E383602560A6F5003EA55F /* LikedView.swift in Sources */,
				F111E4562592385A0022F983 /* PlaceCardView.swift in Sources */,
				F111E453259238390022F983 /* PlaceBottomSliderView.swift in Sources */,
				F157A641253253AC00320E46 /* SceneDelegate.swift in Sources */,
			);
			runOnlyForDeploymentPostprocessing = 0;
		};
/* End PBXSourcesBuildPhase section */

/* Begin PBXVariantGroup section */
		F157A649253253AE00320E46 /* LaunchScreen.storyboard */ = {
			isa = PBXVariantGroup;
			children = (
				F157A64A253253AE00320E46 /* Base */,
			);
			name = LaunchScreen.storyboard;
			sourceTree = "<group>";
		};
/* End PBXVariantGroup section */

/* Begin XCBuildConfiguration section */
		F157A64D253253AE00320E46 /* Debug */ = {
			isa = XCBuildConfiguration;
			buildSettings = {
				ALWAYS_SEARCH_USER_PATHS = NO;
				CLANG_ANALYZER_NONNULL = YES;
				CLANG_ANALYZER_NUMBER_OBJECT_CONVERSION = YES_AGGRESSIVE;
				CLANG_CXX_LANGUAGE_STANDARD = "gnu++14";
				CLANG_CXX_LIBRARY = "libc++";
				CLANG_ENABLE_MODULES = YES;
				CLANG_ENABLE_OBJC_ARC = YES;
				CLANG_ENABLE_OBJC_WEAK = YES;
				CLANG_WARN_BLOCK_CAPTURE_AUTORELEASING = YES;
				CLANG_WARN_BOOL_CONVERSION = YES;
				CLANG_WARN_COMMA = YES;
				CLANG_WARN_CONSTANT_CONVERSION = YES;
				CLANG_WARN_DEPRECATED_OBJC_IMPLEMENTATIONS = YES;
				CLANG_WARN_DIRECT_OBJC_ISA_USAGE = YES_ERROR;
				CLANG_WARN_DOCUMENTATION_COMMENTS = YES;
				CLANG_WARN_EMPTY_BODY = YES;
				CLANG_WARN_ENUM_CONVERSION = YES;
				CLANG_WARN_INFINITE_RECURSION = YES;
				CLANG_WARN_INT_CONVERSION = YES;
				CLANG_WARN_NON_LITERAL_NULL_CONVERSION = YES;
				CLANG_WARN_OBJC_IMPLICIT_RETAIN_SELF = YES;
				CLANG_WARN_OBJC_LITERAL_CONVERSION = YES;
				CLANG_WARN_OBJC_ROOT_CLASS = YES_ERROR;
				CLANG_WARN_QUOTED_INCLUDE_IN_FRAMEWORK_HEADER = YES;
				CLANG_WARN_RANGE_LOOP_ANALYSIS = YES;
				CLANG_WARN_STRICT_PROTOTYPES = YES;
				CLANG_WARN_SUSPICIOUS_MOVE = YES;
				CLANG_WARN_UNGUARDED_AVAILABILITY = YES_AGGRESSIVE;
				CLANG_WARN_UNREACHABLE_CODE = YES;
				CLANG_WARN__DUPLICATE_METHOD_MATCH = YES;
				COPY_PHASE_STRIP = NO;
				DEBUG_INFORMATION_FORMAT = dwarf;
				ENABLE_STRICT_OBJC_MSGSEND = YES;
				ENABLE_TESTABILITY = YES;
				GCC_C_LANGUAGE_STANDARD = gnu11;
				GCC_DYNAMIC_NO_PIC = NO;
				GCC_NO_COMMON_BLOCKS = YES;
				GCC_OPTIMIZATION_LEVEL = 0;
				GCC_PREPROCESSOR_DEFINITIONS = (
					"DEBUG=1",
					"$(inherited)",
				);
				GCC_WARN_64_TO_32_BIT_CONVERSION = YES;
				GCC_WARN_ABOUT_RETURN_TYPE = YES_ERROR;
				GCC_WARN_UNDECLARED_SELECTOR = YES;
				GCC_WARN_UNINITIALIZED_AUTOS = YES_AGGRESSIVE;
				GCC_WARN_UNUSED_FUNCTION = YES;
				GCC_WARN_UNUSED_VARIABLE = YES;
				IPHONEOS_DEPLOYMENT_TARGET = 13.0;
				MTL_ENABLE_DEBUG_INFO = INCLUDE_SOURCE;
				MTL_FAST_MATH = YES;
				ONLY_ACTIVE_ARCH = YES;
				SDKROOT = iphoneos;
				SWIFT_ACTIVE_COMPILATION_CONDITIONS = DEBUG;
				SWIFT_OPTIMIZATION_LEVEL = "-Onone";
			};
			name = Debug;
		};
		F157A64E253253AE00320E46 /* Release */ = {
			isa = XCBuildConfiguration;
			buildSettings = {
				ALWAYS_SEARCH_USER_PATHS = NO;
				CLANG_ANALYZER_NONNULL = YES;
				CLANG_ANALYZER_NUMBER_OBJECT_CONVERSION = YES_AGGRESSIVE;
				CLANG_CXX_LANGUAGE_STANDARD = "gnu++14";
				CLANG_CXX_LIBRARY = "libc++";
				CLANG_ENABLE_MODULES = YES;
				CLANG_ENABLE_OBJC_ARC = YES;
				CLANG_ENABLE_OBJC_WEAK = YES;
				CLANG_WARN_BLOCK_CAPTURE_AUTORELEASING = YES;
				CLANG_WARN_BOOL_CONVERSION = YES;
				CLANG_WARN_COMMA = YES;
				CLANG_WARN_CONSTANT_CONVERSION = YES;
				CLANG_WARN_DEPRECATED_OBJC_IMPLEMENTATIONS = YES;
				CLANG_WARN_DIRECT_OBJC_ISA_USAGE = YES_ERROR;
				CLANG_WARN_DOCUMENTATION_COMMENTS = YES;
				CLANG_WARN_EMPTY_BODY = YES;
				CLANG_WARN_ENUM_CONVERSION = YES;
				CLANG_WARN_INFINITE_RECURSION = YES;
				CLANG_WARN_INT_CONVERSION = YES;
				CLANG_WARN_NON_LITERAL_NULL_CONVERSION = YES;
				CLANG_WARN_OBJC_IMPLICIT_RETAIN_SELF = YES;
				CLANG_WARN_OBJC_LITERAL_CONVERSION = YES;
				CLANG_WARN_OBJC_ROOT_CLASS = YES_ERROR;
				CLANG_WARN_QUOTED_INCLUDE_IN_FRAMEWORK_HEADER = YES;
				CLANG_WARN_RANGE_LOOP_ANALYSIS = YES;
				CLANG_WARN_STRICT_PROTOTYPES = YES;
				CLANG_WARN_SUSPICIOUS_MOVE = YES;
				CLANG_WARN_UNGUARDED_AVAILABILITY = YES_AGGRESSIVE;
				CLANG_WARN_UNREACHABLE_CODE = YES;
				CLANG_WARN__DUPLICATE_METHOD_MATCH = YES;
				COPY_PHASE_STRIP = NO;
				DEBUG_INFORMATION_FORMAT = "dwarf-with-dsym";
				ENABLE_NS_ASSERTIONS = NO;
				ENABLE_STRICT_OBJC_MSGSEND = YES;
				GCC_C_LANGUAGE_STANDARD = gnu11;
				GCC_NO_COMMON_BLOCKS = YES;
				GCC_WARN_64_TO_32_BIT_CONVERSION = YES;
				GCC_WARN_ABOUT_RETURN_TYPE = YES_ERROR;
				GCC_WARN_UNDECLARED_SELECTOR = YES;
				GCC_WARN_UNINITIALIZED_AUTOS = YES_AGGRESSIVE;
				GCC_WARN_UNUSED_FUNCTION = YES;
				GCC_WARN_UNUSED_VARIABLE = YES;
				IPHONEOS_DEPLOYMENT_TARGET = 13.0;
				MTL_ENABLE_DEBUG_INFO = NO;
				MTL_FAST_MATH = YES;
				SDKROOT = iphoneos;
				SWIFT_COMPILATION_MODE = wholemodule;
				SWIFT_OPTIMIZATION_LEVEL = "-O";
				VALIDATE_PRODUCT = YES;
			};
			name = Release;
		};
		F157A650253253AE00320E46 /* Debug */ = {
			isa = XCBuildConfiguration;
			buildSettings = {
				ASSETCATALOG_COMPILER_APPICON_NAME = AppIcon;
				CODE_SIGN_STYLE = Automatic;
				DEVELOPMENT_ASSET_PATHS = "\"tourist-sui/Preview Content\"";
				DEVELOPMENT_TEAM = 48HD6AZC2E;
				ENABLE_PREVIEWS = YES;
				INFOPLIST_FILE = "tourist-sui/Info.plist";
				IPHONEOS_DEPLOYMENT_TARGET = 14.0;
				LD_RUNPATH_SEARCH_PATHS = (
					"$(inherited)",
					"@executable_path/Frameworks",
				);
				PRODUCT_BUNDLE_IDENTIFIER = "com.cmcgheit.tourist-sui";
				PRODUCT_NAME = "$(TARGET_NAME)";
				SWIFT_VERSION = 5.0;
				TARGETED_DEVICE_FAMILY = 1;
			};
			name = Debug;
		};
		F157A651253253AE00320E46 /* Release */ = {
			isa = XCBuildConfiguration;
			buildSettings = {
				ASSETCATALOG_COMPILER_APPICON_NAME = AppIcon;
				CODE_SIGN_STYLE = Automatic;
				DEVELOPMENT_ASSET_PATHS = "\"tourist-sui/Preview Content\"";
				DEVELOPMENT_TEAM = 48HD6AZC2E;
				ENABLE_PREVIEWS = YES;
				INFOPLIST_FILE = "tourist-sui/Info.plist";
				IPHONEOS_DEPLOYMENT_TARGET = 14.0;
				LD_RUNPATH_SEARCH_PATHS = (
					"$(inherited)",
					"@executable_path/Frameworks",
				);
				PRODUCT_BUNDLE_IDENTIFIER = "com.cmcgheit.tourist-sui";
				PRODUCT_NAME = "$(TARGET_NAME)";
				SWIFT_VERSION = 5.0;
				TARGETED_DEVICE_FAMILY = 1;
			};
			name = Release;
		};
/* End XCBuildConfiguration section */

/* Begin XCConfigurationList section */
		F157A636253253AC00320E46 /* Build configuration list for PBXProject "tourist-sui" */ = {
			isa = XCConfigurationList;
			buildConfigurations = (
				F157A64D253253AE00320E46 /* Debug */,
				F157A64E253253AE00320E46 /* Release */,
			);
			defaultConfigurationIsVisible = 0;
			defaultConfigurationName = Release;
		};
		F157A64F253253AE00320E46 /* Build configuration list for PBXNativeTarget "tourist-sui" */ = {
			isa = XCConfigurationList;
			buildConfigurations = (
				F157A650253253AE00320E46 /* Debug */,
				F157A651253253AE00320E46 /* Release */,
			);
			defaultConfigurationIsVisible = 0;
			defaultConfigurationName = Release;
		};
/* End XCConfigurationList section */
	};
	rootObject = F157A633253253AC00320E46 /* Project object */;
}
